// !$*UTF8*$!
{
	archiveVersion = 1;
	classes = {
	};
	objectVersion = 46;
	objects = {

/* Begin PBXBuildFile section */
		08FF20581A9D7C4900116E03 /* AppDelegate.swift in Sources */ = {isa = PBXBuildFile; fileRef = 08FF20571A9D7C4900116E03 /* AppDelegate.swift */; };
		08FF205A1A9D7C4900116E03 /* ViewController.swift in Sources */ = {isa = PBXBuildFile; fileRef = 08FF20591A9D7C4900116E03 /* ViewController.swift */; };
		08FF205D1A9D7C4900116E03 /* Main.storyboard in Resources */ = {isa = PBXBuildFile; fileRef = 08FF205B1A9D7C4900116E03 /* Main.storyboard */; };
		08FF205F1A9D7C4900116E03 /* Images.xcassets in Resources */ = {isa = PBXBuildFile; fileRef = 08FF205E1A9D7C4900116E03 /* Images.xcassets */; };
		08FF20621A9D7C4900116E03 /* LaunchScreen.xib in Resources */ = {isa = PBXBuildFile; fileRef = 08FF20601A9D7C4900116E03 /* LaunchScreen.xib */; };
		08FF206E1A9D7C4A00116E03 /* FunFactsTests.swift in Sources */ = {isa = PBXBuildFile; fileRef = 08FF206D1A9D7C4A00116E03 /* FunFactsTests.swift */; };
/* End PBXBuildFile section */

/* Begin PBXContainerItemProxy section */
		08FF20681A9D7C4900116E03 /* PBXContainerItemProxy */ = {
			isa = PBXContainerItemProxy;
			containerPortal = 08FF204A1A9D7C4900116E03 /* Project object */;
			proxyType = 1;
			remoteGlobalIDString = 08FF20511A9D7C4900116E03;
			remoteInfo = FunFacts;
		};
/* End PBXContainerItemProxy section */

/* Begin PBXFileReference section */
		08FF20521A9D7C4900116E03 /* FunFacts.app */ = {isa = PBXFileReference; explicitFileType = wrapper.application; includeInIndex = 0; path = FunFacts.app; sourceTree = BUILT_PRODUCTS_DIR; };
		08FF20561A9D7C4900116E03 /* Info.plist */ = {isa = PBXFileReference; lastKnownFileType = text.plist.xml; path = Info.plist; sourceTree = "<group>"; };
		08FF20571A9D7C4900116E03 /* AppDelegate.swift */ = {isa = PBXFileReference; lastKnownFileType = sourcecode.swift; path = AppDelegate.swift; sourceTree = "<group>"; };
		08FF20591A9D7C4900116E03 /* ViewController.swift */ = {isa = PBXFileReference; lastKnownFileType = sourcecode.swift; path = ViewController.swift; sourceTree = "<group>"; };
		08FF205C1A9D7C4900116E03 /* Base */ = {isa = PBXFileReference; lastKnownFileType = file.storyboard; name = Base; path = Base.lproj/Main.storyboard; sourceTree = "<group>"; };
		08FF205E1A9D7C4900116E03 /* Images.xcassets */ = {isa = PBXFileReference; lastKnownFileType = folder.assetcatalog; path = Images.xcassets; sourceTree = "<group>"; };
		08FF20611A9D7C4900116E03 /* Base */ = {isa = PBXFileReference; lastKnownFileType = file.xib; name = Base; path = Base.lproj/LaunchScreen.xib; sourceTree = "<group>"; };
		08FF20671A9D7C4900116E03 /* FunFactsTests.xctest */ = {isa = PBXFileReference; explicitFileType = wrapper.cfbundle; includeInIndex = 0; path = FunFactsTests.xctest; sourceTree = BUILT_PRODUCTS_DIR; };
		08FF206C1A9D7C4A00116E03 /* Info.plist */ = {isa = PBXFileReference; lastKnownFileType = text.plist.xml; path = Info.plist; sourceTree = "<group>"; };
		08FF206D1A9D7C4A00116E03 /* FunFactsTests.swift */ = {isa = PBXFileReference; lastKnownFileType = sourcecode.swift; path = FunFactsTests.swift; sourceTree = "<group>"; };
/* End PBXFileReference section */

/* Begin PBXFrameworksBuildPhase section */
		08FF204F1A9D7C4900116E03 /* Frameworks */ = {
			isa = PBXFrameworksBuildPhase;
			buildActionMask = 2147483647;
			files = (
			);
			runOnlyForDeploymentPostprocessing = 0;
		};
		08FF20641A9D7C4900116E03 /* Frameworks */ = {
			isa = PBXFrameworksBuildPhase;
			buildActionMask = 2147483647;
			files = (
			);
			runOnlyForDeploymentPostprocessing = 0;
		};
/* End PBXFrameworksBuildPhase section */

/* Begin PBXGroup section */
		08FF20491A9D7C4900116E03 = {
			isa = PBXGroup;
			children = (
				08FF20541A9D7C4900116E03 /* FunFacts */,
				08FF206A1A9D7C4900116E03 /* FunFactsTests */,
				08FF20531A9D7C4900116E03 /* Products */,
			);
			sourceTree = "<group>";
		};
		08FF20531A9D7C4900116E03 /* Products */ = {
			isa = PBXGroup;
			children = (
				08FF20521A9D7C4900116E03 /* FunFacts.app */,
				08FF20671A9D7C4900116E03 /* FunFactsTests.xctest */,
			);
			name = Products;
			sourceTree = "<group>";
		};
		08FF20541A9D7C4900116E03 /* FunFacts */ = {
			isa = PBXGroup;
			children = (
				08FF20571A9D7C4900116E03 /* AppDelegate.swift */,
				08FF20591A9D7C4900116E03 /* ViewController.swift */,
				08FF205B1A9D7C4900116E03 /* Main.storyboard */,
				08FF205E1A9D7C4900116E03 /* Images.xcassets */,
				08FF20601A9D7C4900116E03 /* LaunchScreen.xib */,
				08FF20551A9D7C4900116E03 /* Supporting Files */,
			);
			path = FunFacts;
			sourceTree = "<group>";
		};
		08FF20551A9D7C4900116E03 /* Supporting Files */ = {
			isa = PBXGroup;
			children = (
				08FF20561A9D7C4900116E03 /* Info.plist */,
			);
			name = "Supporting Files";
			sourceTree = "<group>";
		};
		08FF206A1A9D7C4900116E03 /* FunFactsTests */ = {
			isa = PBXGroup;
			children = (
				08FF206D1A9D7C4A00116E03 /* FunFactsTests.swift */,
				08FF206B1A9D7C4A00116E03 /* Supporting Files */,
			);
			path = FunFactsTests;
			sourceTree = "<group>";
		};
		08FF206B1A9D7C4A00116E03 /* Supporting Files */ = {
			isa = PBXGroup;
			children = (
				08FF206C1A9D7C4A00116E03 /* Info.plist */,
			);
			name = "Supporting Files";
			sourceTree = "<group>";
		};
/* End PBXGroup section */

/* Begin PBXNativeTarget section */
		08FF20511A9D7C4900116E03 /* FunFacts */ = {
			isa = PBXNativeTarget;
			buildConfigurationList = 08FF20711A9D7C4A00116E03 /* Build configuration list for PBXNativeTarget "FunFacts" */;
			buildPhases = (
				08FF204E1A9D7C4900116E03 /* Sources */,
				08FF204F1A9D7C4900116E03 /* Frameworks */,
				08FF20501A9D7C4900116E03 /* Resources */,
			);
			buildRules = (
			);
			dependencies = (
			);
			name = FunFacts;
			productName = FunFacts;
			productReference = 08FF20521A9D7C4900116E03 /* FunFacts.app */;
			productType = "com.apple.product-type.application";
		};
		08FF20661A9D7C4900116E03 /* FunFactsTests */ = {
			isa = PBXNativeTarget;
			buildConfigurationList = 08FF20741A9D7C4A00116E03 /* Build configuration list for PBXNativeTarget "FunFactsTests" */;
			buildPhases = (
				08FF20631A9D7C4900116E03 /* Sources */,
				08FF20641A9D7C4900116E03 /* Frameworks */,
				08FF20651A9D7C4900116E03 /* Resources */,
			);
			buildRules = (
			);
			dependencies = (
				08FF20691A9D7C4900116E03 /* PBXTargetDependency */,
			);
			name = FunFactsTests;
			productName = FunFactsTests;
			productReference = 08FF20671A9D7C4900116E03 /* FunFactsTests.xctest */;
			productType = "com.apple.product-type.bundle.unit-test";
		};
/* End PBXNativeTarget section */

/* Begin PBXProject section */
		08FF204A1A9D7C4900116E03 /* Project object */ = {
			isa = PBXProject;
			attributes = {
				LastUpgradeCheck = 0610;
				ORGANIZATIONNAME = "Rickey Paape";
				TargetAttributes = {
					08FF20511A9D7C4900116E03 = {
						CreatedOnToolsVersion = 6.1.1;
					};
					08FF20661A9D7C4900116E03 = {
						CreatedOnToolsVersion = 6.1.1;
						TestTargetID = 08FF20511A9D7C4900116E03;
					};
				};
			};
			buildConfigurationList = 08FF204D1A9D7C4900116E03 /* Build configuration list for PBXProject "FunFacts" */;
			compatibilityVersion = "Xcode 3.2";
			developmentRegion = English;
			hasScannedForEncodings = 0;
			knownRegions = (
				en,
				Base,
			);
			mainGroup = 08FF20491A9D7C4900116E03;
			productRefGroup = 08FF20531A9D7C4900116E03 /* Products */;
			projectDirPath = "";
			projectRoot = "";
			targets = (
				08FF20511A9D7C4900116E03 /* FunFacts */,
				08FF20661A9D7C4900116E03 /* FunFactsTests */,
			);
		};
/* End PBXProject section */

/* Begin PBXResourcesBuildPhase section */
		08FF20501A9D7C4900116E03 /* Resources */ = {
			isa = PBXResourcesBuildPhase;
			buildActionMask = 2147483647;
			files = (
				08FF205D1A9D7C4900116E03 /* Main.storyboard in Resources */,
				08FF20621A9D7C4900116E03 /* LaunchScreen.xib in Resources */,
				08FF205F1A9D7C4900116E03 /* Images.xcassets in Resources */,
			);
			runOnlyForDeploymentPostprocessing = 0;
		};
		08FF20651A9D7C4900116E03 /* Resources */ = {
			isa = PBXResourcesBuildPhase;
			buildActionMask = 2147483647;
			files = (
			);
			runOnlyForDeploymentPostprocessing = 0;
		};
/* End PBXResourcesBuildPhase section */

/* Begin PBXSourcesBuildPhase section */
		08FF204E1A9D7C4900116E03 /* Sources */ = {
			isa = PBXSourcesBuildPhase;
			buildActionMask = 2147483647;
			files = (
				08FF205A1A9D7C4900116E03 /* ViewController.swift in Sources */,
				08FF20581A9D7C4900116E03 /* AppDelegate.swift in Sources */,
			);
			runOnlyForDeploymentPostprocessing = 0;
		};
		08FF20631A9D7C4900116E03 /* Sources */ = {
			isa = PBXSourcesBuildPhase;
			buildActionMask = 2147483647;
			files = (
				08FF206E1A9D7C4A00116E03 /* FunFactsTests.swift in Sources */,
			);
			runOnlyForDeploymentPostprocessing = 0;
		};
/* End PBXSourcesBuildPhase section */

/* Begin PBXTargetDependency section */
		08FF20691A9D7C4900116E03 /* PBXTargetDependency */ = {
			isa = PBXTargetDependency;
			target = 08FF20511A9D7C4900116E03 /* FunFacts */;
			targetProxy = 08FF20681A9D7C4900116E03 /* PBXContainerItemProxy */;
		};
/* End PBXTargetDependency section */

/* Begin PBXVariantGroup section */
		08FF205B1A9D7C4900116E03 /* Main.storyboard */ = {
			isa = PBXVariantGroup;
			children = (
				08FF205C1A9D7C4900116E03 /* Base */,
			);
			name = Main.storyboard;
			sourceTree = "<group>";
		};
		08FF20601A9D7C4900116E03 /* LaunchScreen.xib */ = {
			isa = PBXVariantGroup;
			children = (
				08FF20611A9D7C4900116E03 /* Base */,
			);
			name = LaunchScreen.xib;
			sourceTree = "<group>";
		};
/* End PBXVariantGroup section */

/* Begin XCBuildConfiguration section */
		08FF206F1A9D7C4A00116E03 /* Debug */ = {
			isa = XCBuildConfiguration;
			buildSettings = {
				ALWAYS_SEARCH_USER_PATHS = NO;
				CLANG_CXX_LANGUAGE_STANDARD = "gnu++0x";
				CLANG_CXX_LIBRARY = "libc++";
				CLANG_ENABLE_MODULES = YES;
				CLANG_ENABLE_OBJC_ARC = YES;
				CLANG_WARN_BOOL_CONVERSION = YES;
				CLANG_WARN_CONSTANT_CONVERSION = YES;
				CLANG_WARN_DIRECT_OBJC_ISA_USAGE = YES_ERROR;
				CLANG_WARN_EMPTY_BODY = YES;
				CLANG_WARN_ENUM_CONVERSION = YES;
				CLANG_WARN_INT_CONVERSION = YES;
				CLANG_WARN_OBJC_ROOT_CLASS = YES_ERROR;
				CLANG_WARN_UNREACHABLE_CODE = YES;
				CLANG_WARN__DUPLICATE_METHOD_MATCH = YES;
				"CODE_SIGN_IDENTITY[sdk=iphoneos*]" = "iPhone Developer";
				COPY_PHASE_STRIP = NO;
				ENABLE_STRICT_OBJC_MSGSEND = YES;
				GCC_C_LANGUAGE_STANDARD = gnu99;
				GCC_DYNAMIC_NO_PIC = NO;
				GCC_OPTIMIZATION_LEVEL = 0;
				GCC_PREPROCESSOR_DEFINITIONS = (
					"DEBUG=1",
					"$(inherited)",
				);
				GCC_SYMBOLS_PRIVATE_EXTERN = NO;
				GCC_WARN_64_TO_32_BIT_CONVERSION = YES;
				GCC_WARN_ABOUT_RETURN_TYPE = YES_ERROR;
				GCC_WARN_UNDECLARED_SELECTOR = YES;
				GCC_WARN_UNINITIALIZED_AUTOS = YES_AGGRESSIVE;
				GCC_WARN_UNUSED_FUNCTION = YES;
				GCC_WARN_UNUSED_VARIABLE = YES;
				IPHONEOS_DEPLOYMENT_TARGET = 8.1;
				MTL_ENABLE_DEBUG_INFO = YES;
				ONLY_ACTIVE_ARCH = YES;
				SDKROOT = iphoneos;
				SWIFT_OPTIMIZATION_LEVEL = "-Onone";
			};
			name = Debug;
		};
		08FF20701A9D7C4A00116E03 /* Release */ = {
			isa = XCBuildConfiguration;
			buildSettings = {
				ALWAYS_SEARCH_USER_PATHS = NO;
				CLANG_CXX_LANGUAGE_STANDARD = "gnu++0x";
				CLANG_CXX_LIBRARY = "libc++";
				CLANG_ENABLE_MODULES = YES;
				CLANG_ENABLE_OBJC_ARC = YES;
				CLANG_WARN_BOOL_CONVERSION = YES;
				CLANG_WARN_CONSTANT_CONVERSION = YES;
				CLANG_WARN_DIRECT_OBJC_ISA_USAGE = YES_ERROR;
				CLANG_WARN_EMPTY_BODY = YES;
				CLANG_WARN_ENUM_CONVERSION = YES;
				CLANG_WARN_INT_CONVERSION = YES;
				CLANG_WARN_OBJC_ROOT_CLASS = YES_ERROR;
				CLANG_WARN_UNREACHABLE_CODE = YES;
				CLANG_WARN__DUPLICATE_METHOD_MATCH = YES;
				"CODE_SIGN_IDENTITY[sdk=iphoneos*]" = "iPhone Developer";
				COPY_PHASE_STRIP = YES;
				ENABLE_NS_ASSERTIONS = NO;
				ENABLE_STRICT_OBJC_MSGSEND = YES;
				GCC_C_LANGUAGE_STANDARD = gnu99;
				GCC_WARN_64_TO_32_BIT_CONVERSION = YES;
				GCC_WARN_ABOUT_RETURN_TYPE = YES_ERROR;
				GCC_WARN_UNDECLARED_SELECTOR = YES;
				GCC_WARN_UNINITIALIZED_AUTOS = YES_AGGRESSIVE;
				GCC_WARN_UNUSED_FUNCTION = YES;
				GCC_WARN_UNUSED_VARIABLE = YES;
				IPHONEOS_DEPLOYMENT_TARGET = 8.1;
				MTL_ENABLE_DEBUG_INFO = NO;
				SDKROOT = iphoneos;
				VALIDATE_PRODUCT = YES;
			};
			name = Release;
		};
		08FF20721A9D7C4A00116E03 /* Debug */ = {
			isa = XCBuildConfiguration;
			buildSettings = {
				ASSETCATALOG_COMPILER_APPICON_NAME = AppIcon;
				INFOPLIST_FILE = FunFacts/Info.plist;
				LD_RUNPATH_SEARCH_PATHS = "$(inherited) @executable_path/Frameworks";
				PRODUCT_NAME = "$(TARGET_NAME)";
			};
			name = Debug;
		};
		08FF20731A9D7C4A00116E03 /* Release */ = {
			isa = XCBuildConfiguration;
			buildSettings = {
				ASSETCATALOG_COMPILER_APPICON_NAME = AppIcon;
				INFOPLIST_FILE = FunFacts/Info.plist;
				LD_RUNPATH_SEARCH_PATHS = "$(inherited) @executable_path/Frameworks";
				PRODUCT_NAME = "$(TARGET_NAME)";
			};
			name = Release;
		};
		08FF20751A9D7C4A00116E03 /* Debug */ = {
			isa = XCBuildConfiguration;
			buildSettings = {
				BUNDLE_LOADER = "$(TEST_HOST)";
				FRAMEWORK_SEARCH_PATHS = (
					"$(SDKROOT)/Developer/Library/Frameworks",
					"$(inherited)",
				);
				GCC_PREPROCESSOR_DEFINITIONS = (
					"DEBUG=1",
					"$(inherited)",
				);
				INFOPLIST_FILE = FunFactsTests/Info.plist;
				LD_RUNPATH_SEARCH_PATHS = "$(inherited) @executable_path/Frameworks @loader_path/Frameworks";
				PRODUCT_NAME = "$(TARGET_NAME)";
				TEST_HOST = "$(BUILT_PRODUCTS_DIR)/FunFacts.app/FunFacts";
			};
			name = Debug;
		};
		08FF20761A9D7C4A00116E03 /* Release */ = {
			isa = XCBuildConfiguration;
			buildSettings = {
				BUNDLE_LOADER = "$(TEST_HOST)";
				FRAMEWORK_SEARCH_PATHS = (
					"$(SDKROOT)/Developer/Library/Frameworks",
					"$(inherited)",
				);
				INFOPLIST_FILE = FunFactsTests/Info.plist;
				LD_RUNPATH_SEARCH_PATHS = "$(inherited) @executable_path/Frameworks @loader_path/Frameworks";
				PRODUCT_NAME = "$(TARGET_NAME)";
				TEST_HOST = "$(BUILT_PRODUCTS_DIR)/FunFacts.app/FunFacts";
			};
			name = Release;
		};
/* End XCBuildConfiguration section */

/* Begin XCConfigurationList section */
		08FF204D1A9D7C4900116E03 /* Build configuration list for PBXProject "FunFacts" */ = {
			isa = XCConfigurationList;
			buildConfigurations = (
				08FF206F1A9D7C4A00116E03 /* Debug */,
				08FF20701A9D7C4A00116E03 /* Release */,
			);
			defaultConfigurationIsVisible = 0;
			defaultConfigurationName = Release;
		};
		08FF20711A9D7C4A00116E03 /* Build configuration list for PBXNativeTarget "FunFacts" */ = {
			isa = XCConfigurationList;
			buildConfigurations = (
				08FF20721A9D7C4A00116E03 /* Debug */,
				08FF20731A9D7C4A00116E03 /* Release */,
			);
			defaultConfigurationIsVisible = 0;
		};
		08FF20741A9D7C4A00116E03 /* Build configuration list for PBXNativeTarget "FunFactsTests" */ = {
			isa = XCConfigurationList;
			buildConfigurations = (
				08FF20751A9D7C4A00116E03 /* Debug */,
				08FF20761A9D7C4A00116E03 /* Release */,
			);
			defaultConfigurationIsVisible = 0;
		};
/* End XCConfigurationList section */
	};
	rootObject = 08FF204A1A9D7C4900116E03 /* Project object */;
}
